
Microsoft Visual Studio Solution File, Format Version 12.00
# Visual Studio Version 16
VisualStudioVersion = 16.0.30104.148
MinimumVisualStudioVersion = 10.0.40219.1
Project("{FAE04EC0-301F-11D3-BF4B-00C04F79EFBC}") = "GenericsExemplo1", "GenericsExemplo1\GenericsExemplo1.csproj", "{98CECFEA-7E8B-4B0A-9096-1E30AC09D506}"
EndProject
Global
	GlobalSection(SolutionConfigurationPlatforms) = preSolution
		Debug|Any CPU = Debug|Any CPU
		Release|Any CPU = Release|Any CPU
	EndGlobalSection
	GlobalSection(ProjectConfigurationPlatforms) = postSolution
		{98CECFEA-7E8B-4B0A-9096-1E30AC09D506}.Debug|Any CPU.ActiveCfg = Debug|Any CPU
		{98CECFEA-7E8B-4B0A-9096-1E30AC09D506}.Debug|Any CPU.Build.0 = Debug|Any CPU
		{98CECFEA-7E8B-4B0A-9096-1E30AC09D506}.Release|Any CPU.ActiveCfg = Release|Any CPU
		{98CECFEA-7E8B-4B0A-9096-1E30AC09D506}.Release|Any CPU.Build.0 = Release|Any CPU
	EndGlobalSection
	GlobalSection(SolutionProperties) = preSolution
		HideSolutionNode = FALSE
	EndGlobalSection
	GlobalSection(ExtensibilityGlobals) = postSolution
		SolutionGuid = {A7D1A7DD-1692-4B48-8223-38D13B7969EA}
	EndGlobalSection
EndGlobal
